
Microsoft Visual Studio Solution File, Format Version 12.00
# Visual Studio Version 16
VisualStudioVersion = 16.0.34031.81
MinimumVisualStudioVersion = 10.0.40219.1
Project("{FAE04EC0-301F-11D3-BF4B-00C04F79EFBC}") = "Strings", "Strings\Strings.csproj", "{386AEE68-BD84-4A47-98D7-85B2CA17BF7C}"
EndProject
Global
	GlobalSection(SolutionConfigurationPlatforms) = preSolution
		Debug|Any CPU = Debug|Any CPU
		Release|Any CPU = Release|Any CPU
	EndGlobalSection
	GlobalSection(ProjectConfigurationPlatforms) = postSolution
		{386AEE68-BD84-4A47-98D7-85B2CA17BF7C}.Debug|Any CPU.ActiveCfg = Debug|Any CPU
		{386AEE68-BD84-4A47-98D7-85B2CA17BF7C}.Debug|Any CPU.Build.0 = Debug|Any CPU
		{386AEE68-BD84-4A47-98D7-85B2CA17BF7C}.Release|Any CPU.ActiveCfg = Release|Any CPU
		{386AEE68-BD84-4A47-98D7-85B2CA17BF7C}.Release|Any CPU.Build.0 = Release|Any CPU
	EndGlobalSection
	GlobalSection(SolutionProperties) = preSolution
		HideSolutionNode = FALSE
	EndGlobalSection
	GlobalSection(ExtensibilityGlobals) = postSolution
		SolutionGuid = {6DE242DC-B0EA-463B-A261-EC6FE7D8AE1A}
	EndGlobalSection
EndGlobal
